// !$*UTF8*$!
{
	archiveVersion = 1;
	classes = {
	};
	objectVersion = 46;
	objects = {

/* Begin PBXBuildFile section */
		412688681AE113E600E54667 /* config.cpp in Sources */ = {isa = PBXBuildFile; fileRef = 412688661AE113E600E54667 /* config.cpp */; };
		41359F7A1AD68008009C2DD0 /* factors.cpp in Sources */ = {isa = PBXBuildFile; fileRef = 41359F781AD68008009C2DD0 /* factors.cpp */; };
		41BB05E01AFFBCFC001A9883 /* field-mpi.cpp in Sources */ = {isa = PBXBuildFile; fileRef = 41BB05DF1AFFBCFC001A9883 /* field-mpi.cpp */; };
		41BB05E21AFFBE8B001A9883 /* field-print.cpp in Sources */ = {isa = PBXBuildFile; fileRef = 41BB05E11AFFBE8B001A9883 /* field-print.cpp */; };
		41D42E191ACAC9E100989E03 /* main.cpp in Sources */ = {isa = PBXBuildFile; fileRef = 41D42E181ACAC9E100989E03 /* main.cpp */; };
		41D42E1C1ACAC9EE00989E03 /* field.cpp in Sources */ = {isa = PBXBuildFile; fileRef = 41D42E1A1ACAC9EE00989E03 /* field.cpp */; };
		41DE06DF1CCCCE1800AB2F5A /* algo.cpp in Sources */ = {isa = PBXBuildFile; fileRef = 41DE06DD1CCCCE1800AB2F5A /* algo.cpp */; };
		41DE06E21CCCE26F00AB2F5A /* field-transpose.cpp in Sources */ = {isa = PBXBuildFile; fileRef = 41DE06E01CCCE26F00AB2F5A /* field-transpose.cpp */; };
		41DE06E51CCCE2EF00AB2F5A /* field-static.cpp in Sources */ = {isa = PBXBuildFile; fileRef = 41DE06E31CCCE2EF00AB2F5A /* field-static.cpp */; };
/* End PBXBuildFile section */

/* Begin PBXCopyFilesBuildPhase section */
		41CE5CDB1AAF6DF000C5918F /* CopyFiles */ = {
			isa = PBXCopyFilesBuildPhase;
			buildActionMask = 12;
			dstPath = "";
			dstSubfolderSpec = 6;
			files = (
			);
			runOnlyForDeploymentPostprocessing = 0;
		};
/* End PBXCopyFilesBuildPhase section */

/* Begin PBXFileReference section */
		412688661AE113E600E54667 /* config.cpp */ = {isa = PBXFileReference; fileEncoding = 4; lastKnownFileType = sourcecode.cpp.cpp; path = config.cpp; sourceTree = "<group>"; };
		412688671AE113E600E54667 /* config.h */ = {isa = PBXFileReference; fileEncoding = 4; lastKnownFileType = sourcecode.c.h; path = config.h; sourceTree = "<group>"; };
		41359F781AD68008009C2DD0 /* factors.cpp */ = {isa = PBXFileReference; fileEncoding = 4; lastKnownFileType = sourcecode.cpp.cpp; path = factors.cpp; sourceTree = "<group>"; };
		41359F791AD68008009C2DD0 /* factors.h */ = {isa = PBXFileReference; fileEncoding = 4; lastKnownFileType = sourcecode.c.h; path = factors.h; sourceTree = "<group>"; };
		417C4F6B1C70C89F008FDCFA /* balancing.h */ = {isa = PBXFileReference; lastKnownFileType = sourcecode.c.h; path = balancing.h; sourceTree = "<group>"; };
		41BB05DF1AFFBCFC001A9883 /* field-mpi.cpp */ = {isa = PBXFileReference; fileEncoding = 4; lastKnownFileType = sourcecode.cpp.cpp; path = "field-mpi.cpp"; sourceTree = "<group>"; };
		41BB05E11AFFBE8B001A9883 /* field-print.cpp */ = {isa = PBXFileReference; fileEncoding = 4; lastKnownFileType = sourcecode.cpp.cpp; path = "field-print.cpp"; sourceTree = "<group>"; };
		41CE5CDD1AAF6DF000C5918F /* Diploma */ = {isa = PBXFileReference; explicitFileType = "compiled.mach-o.executable"; includeInIndex = 0; path = Diploma; sourceTree = BUILT_PRODUCTS_DIR; };
		41CED2761AF1623C002334A4 /* output */ = {isa = PBXFileReference; lastKnownFileType = folder; path = output; sourceTree = "<group>"; };
		41D42E181ACAC9E100989E03 /* main.cpp */ = {isa = PBXFileReference; fileEncoding = 4; lastKnownFileType = sourcecode.cpp.cpp; path = main.cpp; sourceTree = "<group>"; };
		41D42E1A1ACAC9EE00989E03 /* field.cpp */ = {isa = PBXFileReference; fileEncoding = 4; lastKnownFileType = sourcecode.cpp.cpp; path = field.cpp; sourceTree = "<group>"; };
		41D42E1B1ACAC9EE00989E03 /* field.h */ = {isa = PBXFileReference; fileEncoding = 4; lastKnownFileType = sourcecode.c.h; path = field.h; sourceTree = "<group>"; };
		41DE06DD1CCCCE1800AB2F5A /* algo.cpp */ = {isa = PBXFileReference; fileEncoding = 4; lastKnownFileType = sourcecode.cpp.cpp; path = algo.cpp; sourceTree = "<group>"; };
		41DE06DE1CCCCE1800AB2F5A /* algo.h */ = {isa = PBXFileReference; fileEncoding = 4; lastKnownFileType = sourcecode.c.h; path = algo.h; sourceTree = "<group>"; };
		41DE06E01CCCE26F00AB2F5A /* field-transpose.cpp */ = {isa = PBXFileReference; fileEncoding = 4; lastKnownFileType = sourcecode.cpp.cpp; path = "field-transpose.cpp"; sourceTree = "<group>"; };
		41DE06E11CCCE26F00AB2F5A /* field-transpose.h */ = {isa = PBXFileReference; fileEncoding = 4; lastKnownFileType = sourcecode.c.h; path = "field-transpose.h"; sourceTree = "<group>"; };
		41DE06E31CCCE2EF00AB2F5A /* field-static.cpp */ = {isa = PBXFileReference; fileEncoding = 4; lastKnownFileType = sourcecode.cpp.cpp; path = "field-static.cpp"; sourceTree = "<group>"; };
		41DE06E41CCCE2EF00AB2F5A /* field-static.h */ = {isa = PBXFileReference; fileEncoding = 4; lastKnownFileType = sourcecode.c.h; path = "field-static.h"; sourceTree = "<group>"; };
/* End PBXFileReference section */

/* Begin PBXFrameworksBuildPhase section */
		41CE5CDA1AAF6DF000C5918F /* Frameworks */ = {
			isa = PBXFrameworksBuildPhase;
			buildActionMask = 2147483647;
			files = (
			);
			runOnlyForDeploymentPostprocessing = 0;
		};
/* End PBXFrameworksBuildPhase section */

/* Begin PBXGroup section */
		41CE5CD41AAF6DF000C5918F = {
			isa = PBXGroup;
			children = (
				41CED2761AF1623C002334A4 /* output */,
				41CE5CDF1AAF6DF000C5918F /* Diploma */,
				41CE5CDE1AAF6DF000C5918F /* Products */,
			);
			sourceTree = "<group>";
		};
		41CE5CDE1AAF6DF000C5918F /* Products */ = {
			isa = PBXGroup;
			children = (
				41CE5CDD1AAF6DF000C5918F /* Diploma */,
			);
			name = Products;
			sourceTree = "<group>";
		};
		41CE5CDF1AAF6DF000C5918F /* Diploma */ = {
			isa = PBXGroup;
			children = (
				412688671AE113E600E54667 /* config.h */,
				412688661AE113E600E54667 /* config.cpp */,
				41359F791AD68008009C2DD0 /* factors.h */,
				41359F781AD68008009C2DD0 /* factors.cpp */,
				41DE06DE1CCCCE1800AB2F5A /* algo.h */,
				41DE06DD1CCCCE1800AB2F5A /* algo.cpp */,
				41D42E1B1ACAC9EE00989E03 /* field.h */,
				41D42E1A1ACAC9EE00989E03 /* field.cpp */,
				41BB05DF1AFFBCFC001A9883 /* field-mpi.cpp */,
				41BB05E11AFFBE8B001A9883 /* field-print.cpp */,
				41DE06E11CCCE26F00AB2F5A /* field-transpose.h */,
				41DE06E01CCCE26F00AB2F5A /* field-transpose.cpp */,
				41DE06E41CCCE2EF00AB2F5A /* field-static.h */,
				41DE06E31CCCE2EF00AB2F5A /* field-static.cpp */,
				417C4F6B1C70C89F008FDCFA /* balancing.h */,
				41D42E181ACAC9E100989E03 /* main.cpp */,
			);
			path = Diploma;
			sourceTree = "<group>";
		};
/* End PBXGroup section */

/* Begin PBXNativeTarget section */
		41CE5CDC1AAF6DF000C5918F /* Diploma */ = {
			isa = PBXNativeTarget;
			buildConfigurationList = 41CE5CE41AAF6DF000C5918F /* Build configuration list for PBXNativeTarget "Diploma" */;
			buildPhases = (
				41CE5CD91AAF6DF000C5918F /* Sources */,
				41CE5CDA1AAF6DF000C5918F /* Frameworks */,
				41CE5CDB1AAF6DF000C5918F /* CopyFiles */,
			);
			buildRules = (
			);
			dependencies = (
			);
			name = Diploma;
			productName = Diploma;
			productReference = 41CE5CDD1AAF6DF000C5918F /* Diploma */;
			productType = "com.apple.product-type.tool";
		};
/* End PBXNativeTarget section */

/* Begin PBXProject section */
		41CE5CD51AAF6DF000C5918F /* Project object */ = {
			isa = PBXProject;
			attributes = {
				LastUpgradeCheck = 0720;
				ORGANIZATIONNAME = "Nikolay Volosatov";
				TargetAttributes = {
					41CE5CDC1AAF6DF000C5918F = {
						CreatedOnToolsVersion = 6.2;
					};
				};
			};
			buildConfigurationList = 41CE5CD81AAF6DF000C5918F /* Build configuration list for PBXProject "Diploma" */;
			compatibilityVersion = "Xcode 3.2";
			developmentRegion = English;
			hasScannedForEncodings = 0;
			knownRegions = (
				en,
			);
			mainGroup = 41CE5CD41AAF6DF000C5918F;
			productRefGroup = 41CE5CDE1AAF6DF000C5918F /* Products */;
			projectDirPath = "";
			projectRoot = "";
			targets = (
				41CE5CDC1AAF6DF000C5918F /* Diploma */,
			);
		};
/* End PBXProject section */

/* Begin PBXSourcesBuildPhase section */
		41CE5CD91AAF6DF000C5918F /* Sources */ = {
			isa = PBXSourcesBuildPhase;
			buildActionMask = 2147483647;
			files = (
				41D42E1C1ACAC9EE00989E03 /* field.cpp in Sources */,
				412688681AE113E600E54667 /* config.cpp in Sources */,
				41359F7A1AD68008009C2DD0 /* factors.cpp in Sources */,
				41DE06DF1CCCCE1800AB2F5A /* algo.cpp in Sources */,
				41DE06E21CCCE26F00AB2F5A /* field-transpose.cpp in Sources */,
				41D42E191ACAC9E100989E03 /* main.cpp in Sources */,
				41DE06E51CCCE2EF00AB2F5A /* field-static.cpp in Sources */,
				41BB05E21AFFBE8B001A9883 /* field-print.cpp in Sources */,
				41BB05E01AFFBCFC001A9883 /* field-mpi.cpp in Sources */,
			);
			runOnlyForDeploymentPostprocessing = 0;
		};
/* End PBXSourcesBuildPhase section */

/* Begin XCBuildConfiguration section */
		41CE5CE21AAF6DF000C5918F /* Debug */ = {
			isa = XCBuildConfiguration;
			buildSettings = {
				ALWAYS_SEARCH_USER_PATHS = NO;
				CLANG_CXX_LANGUAGE_STANDARD = "gnu++0x";
				CLANG_CXX_LIBRARY = "libc++";
				CLANG_ENABLE_MODULES = YES;
				CLANG_ENABLE_OBJC_ARC = YES;
				CLANG_WARN_BOOL_CONVERSION = YES;
				CLANG_WARN_CONSTANT_CONVERSION = YES;
				CLANG_WARN_DIRECT_OBJC_ISA_USAGE = YES_ERROR;
				CLANG_WARN_EMPTY_BODY = YES;
				CLANG_WARN_ENUM_CONVERSION = YES;
				CLANG_WARN_INT_CONVERSION = YES;
				CLANG_WARN_OBJC_ROOT_CLASS = YES_ERROR;
				CLANG_WARN_UNREACHABLE_CODE = YES;
				CLANG_WARN__DUPLICATE_METHOD_MATCH = YES;
				COPY_PHASE_STRIP = NO;
				ENABLE_STRICT_OBJC_MSGSEND = YES;
				ENABLE_TESTABILITY = YES;
				GCC_C_LANGUAGE_STANDARD = gnu99;
				GCC_OPTIMIZATION_LEVEL = 0;
				GCC_PREPROCESSOR_DEFINITIONS = (
					"DEBUG=1",
					"$(inherited)",
				);
				GCC_SYMBOLS_PRIVATE_EXTERN = NO;
				GCC_WARN_64_TO_32_BIT_CONVERSION = YES;
				GCC_WARN_ABOUT_RETURN_TYPE = YES_ERROR;
				GCC_WARN_UNDECLARED_SELECTOR = YES;
				GCC_WARN_UNINITIALIZED_AUTOS = YES_AGGRESSIVE;
				GCC_WARN_UNUSED_FUNCTION = YES;
				GCC_WARN_UNUSED_VARIABLE = YES;
				MACOSX_DEPLOYMENT_TARGET = 10.10;
				MTL_ENABLE_DEBUG_INFO = YES;
				ONLY_ACTIVE_ARCH = YES;
				SDKROOT = macosx;
			};
			name = Debug;
		};
		41CE5CE31AAF6DF000C5918F /* Release */ = {
			isa = XCBuildConfiguration;
			buildSettings = {
				ALWAYS_SEARCH_USER_PATHS = NO;
				CLANG_CXX_LANGUAGE_STANDARD = "gnu++0x";
				CLANG_CXX_LIBRARY = "libc++";
				CLANG_ENABLE_MODULES = YES;
				CLANG_ENABLE_OBJC_ARC = YES;
				CLANG_WARN_BOOL_CONVERSION = YES;
				CLANG_WARN_CONSTANT_CONVERSION = YES;
				CLANG_WARN_DIRECT_OBJC_ISA_USAGE = YES_ERROR;
				CLANG_WARN_EMPTY_BODY = YES;
				CLANG_WARN_ENUM_CONVERSION = YES;
				CLANG_WARN_INT_CONVERSION = YES;
				CLANG_WARN_OBJC_ROOT_CLASS = YES_ERROR;
				CLANG_WARN_UNREACHABLE_CODE = YES;
				CLANG_WARN__DUPLICATE_METHOD_MATCH = YES;
				COPY_PHASE_STRIP = NO;
				DEBUG_INFORMATION_FORMAT = "dwarf-with-dsym";
				ENABLE_NS_ASSERTIONS = NO;
				ENABLE_STRICT_OBJC_MSGSEND = YES;
				GCC_C_LANGUAGE_STANDARD = gnu99;
				GCC_OPTIMIZATION_LEVEL = 3;
				GCC_WARN_64_TO_32_BIT_CONVERSION = YES;
				GCC_WARN_ABOUT_RETURN_TYPE = YES_ERROR;
				GCC_WARN_UNDECLARED_SELECTOR = YES;
				GCC_WARN_UNINITIALIZED_AUTOS = YES_AGGRESSIVE;
				GCC_WARN_UNUSED_FUNCTION = YES;
				GCC_WARN_UNUSED_VARIABLE = YES;
				MACOSX_DEPLOYMENT_TARGET = 10.10;
				MTL_ENABLE_DEBUG_INFO = NO;
				SDKROOT = macosx;
			};
			name = Release;
		};
		41CE5CE51AAF6DF000C5918F /* Debug */ = {
			isa = XCBuildConfiguration;
			buildSettings = {
				CC = "/usr/local/bin/mpic++";
				HEADER_SEARCH_PATHS = (
					"$(inherited)",
					/Applications/Xcode.app/Contents/Developer/Toolchains/XcodeDefault.xctoolchain/usr/include,
					/usr/local/include,
				);
				PRODUCT_NAME = "$(TARGET_NAME)";
			};
			name = Debug;
		};
		41CE5CE61AAF6DF000C5918F /* Release */ = {
			isa = XCBuildConfiguration;
			buildSettings = {
				CC = "/usr/local/bin/mpic++";
				HEADER_SEARCH_PATHS = (
					"$(inherited)",
					/Applications/Xcode.app/Contents/Developer/Toolchains/XcodeDefault.xctoolchain/usr/include,
					/usr/local/include,
				);
				PRODUCT_NAME = "$(TARGET_NAME)";
			};
			name = Release;
		};
/* End XCBuildConfiguration section */

/* Begin XCConfigurationList section */
		41CE5CD81AAF6DF000C5918F /* Build configuration list for PBXProject "Diploma" */ = {
			isa = XCConfigurationList;
			buildConfigurations = (
				41CE5CE21AAF6DF000C5918F /* Debug */,
				41CE5CE31AAF6DF000C5918F /* Release */,
			);
			defaultConfigurationIsVisible = 0;
			defaultConfigurationName = Release;
		};
		41CE5CE41AAF6DF000C5918F /* Build configuration list for PBXNativeTarget "Diploma" */ = {
			isa = XCConfigurationList;
			buildConfigurations = (
				41CE5CE51AAF6DF000C5918F /* Debug */,
				41CE5CE61AAF6DF000C5918F /* Release */,
			);
			defaultConfigurationIsVisible = 0;
			defaultConfigurationName = Release;
		};
/* End XCConfigurationList section */
	};
	rootObject = 41CE5CD51AAF6DF000C5918F /* Project object */;
}
